
Microsoft Visual Studio Solution File, Format Version 12.00
# Visual Studio Version 17
VisualStudioVersion = 17.11.35222.181
MinimumVisualStudioVersion = 10.0.40219.1
Project("{FAE04EC0-301F-11D3-BF4B-00C04F79EFBC}") = "ConsoleApp3", "ConsoleApp3\ConsoleApp3.csproj", "{81755FC1-DB8B-41E5-9ED2-0FDA43F57A9A}"
EndProject
Global
	GlobalSection(SolutionConfigurationPlatforms) = preSolution
		Debug|Any CPU = Debug|Any CPU
		Release|Any CPU = Release|Any CPU
	EndGlobalSection
	GlobalSection(ProjectConfigurationPlatforms) = postSolution
		{81755FC1-DB8B-41E5-9ED2-0FDA43F57A9A}.Debug|Any CPU.ActiveCfg = Debug|Any CPU
		{81755FC1-DB8B-41E5-9ED2-0FDA43F57A9A}.Debug|Any CPU.Build.0 = Debug|Any CPU
		{81755FC1-DB8B-41E5-9ED2-0FDA43F57A9A}.Release|Any CPU.ActiveCfg = Release|Any CPU
		{81755FC1-DB8B-41E5-9ED2-0FDA43F57A9A}.Release|Any CPU.Build.0 = Release|Any CPU
	EndGlobalSection
	GlobalSection(SolutionProperties) = preSolution
		HideSolutionNode = FALSE
	EndGlobalSection
	GlobalSection(ExtensibilityGlobals) = postSolution
		SolutionGuid = {36ADB88F-8A14-4C8A-B391-921B71E89E77}
	EndGlobalSection
EndGlobal
